
Microsoft Visual Studio Solution File, Format Version 12.00
# Visual Studio 2013
VisualStudioVersion = 12.0.31101.0
MinimumVisualStudioVersion = 10.0.40219.1
Project("{9092AA53-FB77-4645-B42D-1CCCA6BD08BD}") = "Catalinker", "Catalinker.njsproj", "{4E285A48-8ED1-4208-827D-7FF1239A420E}"
EndProject
Global
	GlobalSection(SolutionConfigurationPlatforms) = preSolution
		Debug|Any CPU = Debug|Any CPU
		Release|Any CPU = Release|Any CPU
	EndGlobalSection
	GlobalSection(ProjectConfigurationPlatforms) = postSolution
		{4E285A48-8ED1-4208-827D-7FF1239A420E}.Debug|Any CPU.ActiveCfg = Debug|Any CPU
		{4E285A48-8ED1-4208-827D-7FF1239A420E}.Debug|Any CPU.Build.0 = Debug|Any CPU
		{4E285A48-8ED1-4208-827D-7FF1239A420E}.Release|Any CPU.ActiveCfg = Release|Any CPU
		{4E285A48-8ED1-4208-827D-7FF1239A420E}.Release|Any CPU.Build.0 = Release|Any CPU
	EndGlobalSection
	GlobalSection(SolutionProperties) = preSolution
		HideSolutionNode = FALSE
	EndGlobalSection
EndGlobal
